// !$*UTF8*$!
{
	archiveVersion = 1;
	classes = {
	};
	objectVersion = 56;
	objects = {

/* Begin PBXBuildFile section */
		B021810F2B769A78005C9C0E /* AppDelegate.swift in Sources */ = {isa = PBXBuildFile; fileRef = B021810E2B769A78005C9C0E /* AppDelegate.swift */; };
		B02181112B769A78005C9C0E /* SceneDelegate.swift in Sources */ = {isa = PBXBuildFile; fileRef = B02181102B769A78005C9C0E /* SceneDelegate.swift */; };
		B02181162B769A78005C9C0E /* Main.storyboard in Resources */ = {isa = PBXBuildFile; fileRef = B02181142B769A78005C9C0E /* Main.storyboard */; };
		B02181182B769A79005C9C0E /* Icons.xcassets in Resources */ = {isa = PBXBuildFile; fileRef = B02181172B769A79005C9C0E /* Icons.xcassets */; };
		B021811B2B769A79005C9C0E /* LaunchScreen.storyboard in Resources */ = {isa = PBXBuildFile; fileRef = B02181192B769A79005C9C0E /* LaunchScreen.storyboard */; };
		B0E5B1632B9B6E5F0006DB67 /* HeroesListVC.swift in Sources */ = {isa = PBXBuildFile; fileRef = B0E5B1622B9B6E5F0006DB67 /* HeroesListVC.swift */; };
		B0E5B1662B9B6F210006DB67 /* VC.swift in Sources */ = {isa = PBXBuildFile; fileRef = B0E5B1652B9B6F210006DB67 /* VC.swift */; };
		B0E5B1692B9B710F0006DB67 /* Colors.xcassets in Resources */ = {isa = PBXBuildFile; fileRef = B0E5B1682B9B710F0006DB67 /* Colors.xcassets */; };
		B0E5B16B2B9B7B180006DB67 /* UserDefaults+Codable.swift in Sources */ = {isa = PBXBuildFile; fileRef = B0E5B16A2B9B7B180006DB67 /* UserDefaults+Codable.swift */; };
		B0E7DCCF2BA4A32100C16E54 /* RepoManager.swift in Sources */ = {isa = PBXBuildFile; fileRef = B0E7DCCE2BA4A32100C16E54 /* RepoManager.swift */; };
		B0E7DCD22BA4A4C400C16E54 /* MarvelRepository.swift in Sources */ = {isa = PBXBuildFile; fileRef = B0E7DCD12BA4A4C400C16E54 /* MarvelRepository.swift */; };
		B0E7DCD52BA4A75500C16E54 /* Hero.swift in Sources */ = {isa = PBXBuildFile; fileRef = B0E7DCD42BA4A75500C16E54 /* Hero.swift */; };
		B0E7DCD72BA4AAA900C16E54 /* MarvelApiRepository.swift in Sources */ = {isa = PBXBuildFile; fileRef = B0E7DCD62BA4AAA900C16E54 /* MarvelApiRepository.swift */; };
		B0E7DCDA2BA4B65F00C16E54 /* +Heroes.swift in Sources */ = {isa = PBXBuildFile; fileRef = B0E7DCD92BA4B65F00C16E54 /* +Heroes.swift */; };
		B0E7DCDC2BA4D13100C16E54 /* URLSesion+JSON.swift in Sources */ = {isa = PBXBuildFile; fileRef = B0E7DCDB2BA4D13100C16E54 /* URLSesion+JSON.swift */; };
		B0F1D6112BADD668004140D5 /* Cell.swift in Sources */ = {isa = PBXBuildFile; fileRef = B0F1D6102BADD668004140D5 /* Cell.swift */; };
		B0F1D6132BADD6AB004140D5 /* HeroCell.swift in Sources */ = {isa = PBXBuildFile; fileRef = B0F1D6122BADD6AB004140D5 /* HeroCell.swift */; };
		B0F1D6152BADE93E004140D5 /* ImageView.swift in Sources */ = {isa = PBXBuildFile; fileRef = B0F1D6142BADE93E004140D5 /* ImageView.swift */; };
		B0F6DFFA2B8924EC00C0D4A3 /* NotesList.swift in Sources */ = {isa = PBXBuildFile; fileRef = B0F6DFF92B8924EC00C0D4A3 /* NotesList.swift */; };
/* End PBXBuildFile section */

/* Begin PBXFileReference section */
		B021810B2B769A78005C9C0E /* IOS.app */ = {isa = PBXFileReference; explicitFileType = wrapper.application; includeInIndex = 0; path = IOS.app; sourceTree = BUILT_PRODUCTS_DIR; };
		B021810E2B769A78005C9C0E /* AppDelegate.swift */ = {isa = PBXFileReference; lastKnownFileType = sourcecode.swift; path = AppDelegate.swift; sourceTree = "<group>"; };
		B02181102B769A78005C9C0E /* SceneDelegate.swift */ = {isa = PBXFileReference; lastKnownFileType = sourcecode.swift; path = SceneDelegate.swift; sourceTree = "<group>"; };
		B02181152B769A78005C9C0E /* Base */ = {isa = PBXFileReference; lastKnownFileType = file.storyboard; name = Base; path = Base.lproj/Main.storyboard; sourceTree = "<group>"; };
		B02181172B769A79005C9C0E /* Icons.xcassets */ = {isa = PBXFileReference; lastKnownFileType = folder.assetcatalog; path = Icons.xcassets; sourceTree = "<group>"; };
		B021811A2B769A79005C9C0E /* Base */ = {isa = PBXFileReference; lastKnownFileType = file.storyboard; name = Base; path = Base.lproj/LaunchScreen.storyboard; sourceTree = "<group>"; };
		B021811C2B769A79005C9C0E /* Info.plist */ = {isa = PBXFileReference; lastKnownFileType = text.plist.xml; path = Info.plist; sourceTree = "<group>"; };
		B0E5B1622B9B6E5F0006DB67 /* HeroesListVC.swift */ = {isa = PBXFileReference; lastKnownFileType = sourcecode.swift; path = HeroesListVC.swift; sourceTree = "<group>"; };
		B0E5B1652B9B6F210006DB67 /* VC.swift */ = {isa = PBXFileReference; lastKnownFileType = sourcecode.swift; path = VC.swift; sourceTree = "<group>"; };
		B0E5B1682B9B710F0006DB67 /* Colors.xcassets */ = {isa = PBXFileReference; lastKnownFileType = folder.assetcatalog; path = Colors.xcassets; sourceTree = "<group>"; };
		B0E5B16A2B9B7B180006DB67 /* UserDefaults+Codable.swift */ = {isa = PBXFileReference; lastKnownFileType = sourcecode.swift; path = "UserDefaults+Codable.swift"; sourceTree = "<group>"; };
		B0E7DCCE2BA4A32100C16E54 /* RepoManager.swift */ = {isa = PBXFileReference; lastKnownFileType = sourcecode.swift; path = RepoManager.swift; sourceTree = "<group>"; };
		B0E7DCD12BA4A4C400C16E54 /* MarvelRepository.swift */ = {isa = PBXFileReference; lastKnownFileType = sourcecode.swift; path = MarvelRepository.swift; sourceTree = "<group>"; };
		B0E7DCD42BA4A75500C16E54 /* Hero.swift */ = {isa = PBXFileReference; lastKnownFileType = sourcecode.swift; path = Hero.swift; sourceTree = "<group>"; };
		B0E7DCD62BA4AAA900C16E54 /* MarvelApiRepository.swift */ = {isa = PBXFileReference; lastKnownFileType = sourcecode.swift; path = MarvelApiRepository.swift; sourceTree = "<group>"; };
		B0E7DCD92BA4B65F00C16E54 /* +Heroes.swift */ = {isa = PBXFileReference; lastKnownFileType = sourcecode.swift; path = "+Heroes.swift"; sourceTree = "<group>"; };
		B0E7DCDB2BA4D13100C16E54 /* URLSesion+JSON.swift */ = {isa = PBXFileReference; lastKnownFileType = sourcecode.swift; path = "URLSesion+JSON.swift"; sourceTree = "<group>"; };
		B0F1D6102BADD668004140D5 /* Cell.swift */ = {isa = PBXFileReference; lastKnownFileType = sourcecode.swift; path = Cell.swift; sourceTree = "<group>"; };
		B0F1D6122BADD6AB004140D5 /* HeroCell.swift */ = {isa = PBXFileReference; lastKnownFileType = sourcecode.swift; path = HeroCell.swift; sourceTree = "<group>"; };
		B0F1D6142BADE93E004140D5 /* ImageView.swift */ = {isa = PBXFileReference; lastKnownFileType = sourcecode.swift; path = ImageView.swift; sourceTree = "<group>"; };
		B0F6DFF92B8924EC00C0D4A3 /* NotesList.swift */ = {isa = PBXFileReference; lastKnownFileType = sourcecode.swift; path = NotesList.swift; sourceTree = "<group>"; };
/* End PBXFileReference section */

/* Begin PBXFrameworksBuildPhase section */
		B02181082B769A78005C9C0E /* Frameworks */ = {
			isa = PBXFrameworksBuildPhase;
			buildActionMask = 2147483647;
			files = (
			);
			runOnlyForDeploymentPostprocessing = 0;
		};
/* End PBXFrameworksBuildPhase section */

/* Begin PBXGroup section */
		B02181022B769A78005C9C0E = {
			isa = PBXGroup;
			children = (
				B0F6DFF92B8924EC00C0D4A3 /* NotesList.swift */,
				B021810D2B769A78005C9C0E /* IOS */,
				B021810C2B769A78005C9C0E /* Products */,
			);
			sourceTree = "<group>";
		};
		B021810C2B769A78005C9C0E /* Products */ = {
			isa = PBXGroup;
			children = (
				B021810B2B769A78005C9C0E /* IOS.app */,
			);
			name = Products;
			sourceTree = "<group>";
		};
		B021810D2B769A78005C9C0E /* IOS */ = {
			isa = PBXGroup;
			children = (
				B0E7DCD32BA4A73300C16E54 /* Models */,
				B0E7DCCD2BA4A2E900C16E54 /* RepositoryManager */,
				B0E5B1672B9B70BA0006DB67 /* Assets */,
				B0E5B1642B9B6EA50006DB67 /* Components */,
				B0E5B15F2B9B6DF50006DB67 /* Views */,
				B0E5B15E2B9B6DD00006DB67 /* Extensions */,
				B0F8AA472B924804004B48D6 /* setup2 */,
				B02181142B769A78005C9C0E /* Main.storyboard */,
			);
			path = IOS;
			sourceTree = "<group>";
		};
		B0E5B15E2B9B6DD00006DB67 /* Extensions */ = {
			isa = PBXGroup;
			children = (
				B0E5B16A2B9B7B180006DB67 /* UserDefaults+Codable.swift */,
				B0E7DCDB2BA4D13100C16E54 /* URLSesion+JSON.swift */,
			);
			path = Extensions;
			sourceTree = "<group>";
		};
		B0E5B15F2B9B6DF50006DB67 /* Views */ = {
			isa = PBXGroup;
			children = (
				B0E5B1612B9B6E450006DB67 /* Cells */,
				B0E5B1602B9B6E330006DB67 /* VCS */,
			);
			path = Views;
			sourceTree = "<group>";
		};
		B0E5B1602B9B6E330006DB67 /* VCS */ = {
			isa = PBXGroup;
			children = (
				B0E5B1622B9B6E5F0006DB67 /* HeroesListVC.swift */,
			);
			path = VCS;
			sourceTree = "<group>";
		};
		B0E5B1612B9B6E450006DB67 /* Cells */ = {
			isa = PBXGroup;
			children = (
				B0F1D6122BADD6AB004140D5 /* HeroCell.swift */,
			);
			path = Cells;
			sourceTree = "<group>";
		};
		B0E5B1642B9B6EA50006DB67 /* Components */ = {
			isa = PBXGroup;
			children = (
				B0E5B1652B9B6F210006DB67 /* VC.swift */,
				B0F1D6102BADD668004140D5 /* Cell.swift */,
				B0F1D6142BADE93E004140D5 /* ImageView.swift */,
			);
			path = Components;
			sourceTree = "<group>";
		};
		B0E5B1672B9B70BA0006DB67 /* Assets */ = {
			isa = PBXGroup;
			children = (
				B02181172B769A79005C9C0E /* Icons.xcassets */,
				B0E5B1682B9B710F0006DB67 /* Colors.xcassets */,
			);
			path = Assets;
			sourceTree = "<group>";
		};
		B0E7DCCD2BA4A2E900C16E54 /* RepositoryManager */ = {
			isa = PBXGroup;
			children = (
				B0E7DCD02BA4A4AB00C16E54 /* Marvel */,
				B0E7DCCE2BA4A32100C16E54 /* RepoManager.swift */,
				B0E7DCD12BA4A4C400C16E54 /* MarvelRepository.swift */,
			);
			path = RepositoryManager;
			sourceTree = "<group>";
		};
		B0E7DCD02BA4A4AB00C16E54 /* Marvel */ = {
			isa = PBXGroup;
			children = (
				B0E7DCD82BA4B63B00C16E54 /* Api */,
			);
			path = Marvel;
			sourceTree = "<group>";
		};
		B0E7DCD32BA4A73300C16E54 /* Models */ = {
			isa = PBXGroup;
			children = (
				B0E7DCD42BA4A75500C16E54 /* Hero.swift */,
			);
			path = Models;
			sourceTree = "<group>";
		};
		B0E7DCD82BA4B63B00C16E54 /* Api */ = {
			isa = PBXGroup;
			children = (
				B0E7DCD62BA4AAA900C16E54 /* MarvelApiRepository.swift */,
				B0E7DCD92BA4B65F00C16E54 /* +Heroes.swift */,
			);
			path = Api;
			sourceTree = "<group>";
		};
		B0F8AA472B924804004B48D6 /* setup2 */ = {
			isa = PBXGroup;
			children = (
				B021811C2B769A79005C9C0E /* Info.plist */,
				B02181102B769A78005C9C0E /* SceneDelegate.swift */,
				B021810E2B769A78005C9C0E /* AppDelegate.swift */,
				B02181192B769A79005C9C0E /* LaunchScreen.storyboard */,
			);
			path = setup2;
			sourceTree = "<group>";
		};
/* End PBXGroup section */

/* Begin PBXNativeTarget section */
		B021810A2B769A78005C9C0E /* IOS */ = {
			isa = PBXNativeTarget;
			buildConfigurationList = B021811F2B769A79005C9C0E /* Build configuration list for PBXNativeTarget "IOS" */;
			buildPhases = (
				B02181072B769A78005C9C0E /* Sources */,
				B02181082B769A78005C9C0E /* Frameworks */,
				B02181092B769A78005C9C0E /* Resources */,
			);
			buildRules = (
			);
			dependencies = (
			);
			name = IOS;
			productName = IOS;
			productReference = B021810B2B769A78005C9C0E /* IOS.app */;
			productType = "com.apple.product-type.application";
		};
/* End PBXNativeTarget section */

/* Begin PBXProject section */
		B02181032B769A78005C9C0E /* Project object */ = {
			isa = PBXProject;
			attributes = {
				BuildIndependentTargetsInParallel = 1;
				LastSwiftUpdateCheck = 1500;
				LastUpgradeCheck = 1500;
				TargetAttributes = {
					B021810A2B769A78005C9C0E = {
						CreatedOnToolsVersion = 15.0.1;
					};
				};
			};
			buildConfigurationList = B02181062B769A78005C9C0E /* Build configuration list for PBXProject "IOS" */;
			compatibilityVersion = "Xcode 14.0";
			developmentRegion = en;
			hasScannedForEncodings = 0;
			knownRegions = (
				en,
				Base,
			);
			mainGroup = B02181022B769A78005C9C0E;
			productRefGroup = B021810C2B769A78005C9C0E /* Products */;
			projectDirPath = "";
			projectRoot = "";
			targets = (
				B021810A2B769A78005C9C0E /* IOS */,
			);
		};
/* End PBXProject section */

/* Begin PBXResourcesBuildPhase section */
		B02181092B769A78005C9C0E /* Resources */ = {
			isa = PBXResourcesBuildPhase;
			buildActionMask = 2147483647;
			files = (
				B021811B2B769A79005C9C0E /* LaunchScreen.storyboard in Resources */,
				B0E5B1692B9B710F0006DB67 /* Colors.xcassets in Resources */,
				B02181182B769A79005C9C0E /* Icons.xcassets in Resources */,
				B02181162B769A78005C9C0E /* Main.storyboard in Resources */,
			);
			runOnlyForDeploymentPostprocessing = 0;
		};
/* End PBXResourcesBuildPhase section */

/* Begin PBXSourcesBuildPhase section */
		B02181072B769A78005C9C0E /* Sources */ = {
			isa = PBXSourcesBuildPhase;
			buildActionMask = 2147483647;
			files = (
				B0F1D6152BADE93E004140D5 /* ImageView.swift in Sources */,
				B0E7DCD22BA4A4C400C16E54 /* MarvelRepository.swift in Sources */,
				B0E7DCDA2BA4B65F00C16E54 /* +Heroes.swift in Sources */,
				B0E5B1632B9B6E5F0006DB67 /* HeroesListVC.swift in Sources */,
				B0E7DCD52BA4A75500C16E54 /* Hero.swift in Sources */,
				B0E7DCDC2BA4D13100C16E54 /* URLSesion+JSON.swift in Sources */,
				B0F1D6132BADD6AB004140D5 /* HeroCell.swift in Sources */,
				B0F1D6112BADD668004140D5 /* Cell.swift in Sources */,
				B0E7DCCF2BA4A32100C16E54 /* RepoManager.swift in Sources */,
				B0E5B16B2B9B7B180006DB67 /* UserDefaults+Codable.swift in Sources */,
				B021810F2B769A78005C9C0E /* AppDelegate.swift in Sources */,
				B02181112B769A78005C9C0E /* SceneDelegate.swift in Sources */,
				B0E7DCD72BA4AAA900C16E54 /* MarvelApiRepository.swift in Sources */,
				B0E5B1662B9B6F210006DB67 /* VC.swift in Sources */,
				B0F6DFFA2B8924EC00C0D4A3 /* NotesList.swift in Sources */,
			);
			runOnlyForDeploymentPostprocessing = 0;
		};
/* End PBXSourcesBuildPhase section */

/* Begin PBXVariantGroup section */
		B02181142B769A78005C9C0E /* Main.storyboard */ = {
			isa = PBXVariantGroup;
			children = (
				B02181152B769A78005C9C0E /* Base */,
			);
			name = Main.storyboard;
			sourceTree = "<group>";
		};
		B02181192B769A79005C9C0E /* LaunchScreen.storyboard */ = {
			isa = PBXVariantGroup;
			children = (
				B021811A2B769A79005C9C0E /* Base */,
			);
			name = LaunchScreen.storyboard;
			sourceTree = "<group>";
		};
/* End PBXVariantGroup section */

/* Begin XCBuildConfiguration section */
		B021811D2B769A79005C9C0E /* Debug */ = {
			isa = XCBuildConfiguration;
			buildSettings = {
				ALWAYS_SEARCH_USER_PATHS = NO;
				ASSETCATALOG_COMPILER_GENERATE_SWIFT_ASSET_SYMBOL_EXTENSIONS = YES;
				CLANG_ANALYZER_NONNULL = YES;
				CLANG_ANALYZER_NUMBER_OBJECT_CONVERSION = YES_AGGRESSIVE;
				CLANG_CXX_LANGUAGE_STANDARD = "gnu++20";
				CLANG_ENABLE_MODULES = YES;
				CLANG_ENABLE_OBJC_ARC = YES;
				CLANG_ENABLE_OBJC_WEAK = YES;
				CLANG_WARN_BLOCK_CAPTURE_AUTORELEASING = YES;
				CLANG_WARN_BOOL_CONVERSION = YES;
				CLANG_WARN_COMMA = YES;
				CLANG_WARN_CONSTANT_CONVERSION = YES;
				CLANG_WARN_DEPRECATED_OBJC_IMPLEMENTATIONS = YES;
				CLANG_WARN_DIRECT_OBJC_ISA_USAGE = YES_ERROR;
				CLANG_WARN_DOCUMENTATION_COMMENTS = YES;
				CLANG_WARN_EMPTY_BODY = YES;
				CLANG_WARN_ENUM_CONVERSION = YES;
				CLANG_WARN_INFINITE_RECURSION = YES;
				CLANG_WARN_INT_CONVERSION = YES;
				CLANG_WARN_NON_LITERAL_NULL_CONVERSION = YES;
				CLANG_WARN_OBJC_IMPLICIT_RETAIN_SELF = YES;
				CLANG_WARN_OBJC_LITERAL_CONVERSION = YES;
				CLANG_WARN_OBJC_ROOT_CLASS = YES_ERROR;
				CLANG_WARN_QUOTED_INCLUDE_IN_FRAMEWORK_HEADER = YES;
				CLANG_WARN_RANGE_LOOP_ANALYSIS = YES;
				CLANG_WARN_STRICT_PROTOTYPES = YES;
				CLANG_WARN_SUSPICIOUS_MOVE = YES;
				CLANG_WARN_UNGUARDED_AVAILABILITY = YES_AGGRESSIVE;
				CLANG_WARN_UNREACHABLE_CODE = YES;
				CLANG_WARN__DUPLICATE_METHOD_MATCH = YES;
				COPY_PHASE_STRIP = NO;
				DEBUG_INFORMATION_FORMAT = dwarf;
				ENABLE_STRICT_OBJC_MSGSEND = YES;
				ENABLE_TESTABILITY = YES;
				ENABLE_USER_SCRIPT_SANDBOXING = YES;
				GCC_C_LANGUAGE_STANDARD = gnu17;
				GCC_DYNAMIC_NO_PIC = NO;
				GCC_NO_COMMON_BLOCKS = YES;
				GCC_OPTIMIZATION_LEVEL = 0;
				GCC_PREPROCESSOR_DEFINITIONS = (
					"DEBUG=1",
					"$(inherited)",
				);
				GCC_WARN_64_TO_32_BIT_CONVERSION = YES;
				GCC_WARN_ABOUT_RETURN_TYPE = YES_ERROR;
				GCC_WARN_UNDECLARED_SELECTOR = YES;
				GCC_WARN_UNINITIALIZED_AUTOS = YES_AGGRESSIVE;
				GCC_WARN_UNUSED_FUNCTION = YES;
				GCC_WARN_UNUSED_VARIABLE = YES;
				IPHONEOS_DEPLOYMENT_TARGET = 17.0;
				LOCALIZATION_PREFERS_STRING_CATALOGS = YES;
				MTL_ENABLE_DEBUG_INFO = INCLUDE_SOURCE;
				MTL_FAST_MATH = YES;
				ONLY_ACTIVE_ARCH = YES;
				SDKROOT = iphoneos;
				SWIFT_ACTIVE_COMPILATION_CONDITIONS = "DEBUG $(inherited)";
				SWIFT_OPTIMIZATION_LEVEL = "-Onone";
			};
			name = Debug;
		};
		B021811E2B769A79005C9C0E /* Release */ = {
			isa = XCBuildConfiguration;
			buildSettings = {
				ALWAYS_SEARCH_USER_PATHS = NO;
				ASSETCATALOG_COMPILER_GENERATE_SWIFT_ASSET_SYMBOL_EXTENSIONS = YES;
				CLANG_ANALYZER_NONNULL = YES;
				CLANG_ANALYZER_NUMBER_OBJECT_CONVERSION = YES_AGGRESSIVE;
				CLANG_CXX_LANGUAGE_STANDARD = "gnu++20";
				CLANG_ENABLE_MODULES = YES;
				CLANG_ENABLE_OBJC_ARC = YES;
				CLANG_ENABLE_OBJC_WEAK = YES;
				CLANG_WARN_BLOCK_CAPTURE_AUTORELEASING = YES;
				CLANG_WARN_BOOL_CONVERSION = YES;
				CLANG_WARN_COMMA = YES;
				CLANG_WARN_CONSTANT_CONVERSION = YES;
				CLANG_WARN_DEPRECATED_OBJC_IMPLEMENTATIONS = YES;
				CLANG_WARN_DIRECT_OBJC_ISA_USAGE = YES_ERROR;
				CLANG_WARN_DOCUMENTATION_COMMENTS = YES;
				CLANG_WARN_EMPTY_BODY = YES;
				CLANG_WARN_ENUM_CONVERSION = YES;
				CLANG_WARN_INFINITE_RECURSION = YES;
				CLANG_WARN_INT_CONVERSION = YES;
				CLANG_WARN_NON_LITERAL_NULL_CONVERSION = YES;
				CLANG_WARN_OBJC_IMPLICIT_RETAIN_SELF = YES;
				CLANG_WARN_OBJC_LITERAL_CONVERSION = YES;
				CLANG_WARN_OBJC_ROOT_CLASS = YES_ERROR;
				CLANG_WARN_QUOTED_INCLUDE_IN_FRAMEWORK_HEADER = YES;
				CLANG_WARN_RANGE_LOOP_ANALYSIS = YES;
				CLANG_WARN_STRICT_PROTOTYPES = YES;
				CLANG_WARN_SUSPICIOUS_MOVE = YES;
				CLANG_WARN_UNGUARDED_AVAILABILITY = YES_AGGRESSIVE;
				CLANG_WARN_UNREACHABLE_CODE = YES;
				CLANG_WARN__DUPLICATE_METHOD_MATCH = YES;
				COPY_PHASE_STRIP = NO;
				DEBUG_INFORMATION_FORMAT = "dwarf-with-dsym";
				ENABLE_NS_ASSERTIONS = NO;
				ENABLE_STRICT_OBJC_MSGSEND = YES;
				ENABLE_USER_SCRIPT_SANDBOXING = YES;
				GCC_C_LANGUAGE_STANDARD = gnu17;
				GCC_NO_COMMON_BLOCKS = YES;
				GCC_WARN_64_TO_32_BIT_CONVERSION = YES;
				GCC_WARN_ABOUT_RETURN_TYPE = YES_ERROR;
				GCC_WARN_UNDECLARED_SELECTOR = YES;
				GCC_WARN_UNINITIALIZED_AUTOS = YES_AGGRESSIVE;
				GCC_WARN_UNUSED_FUNCTION = YES;
				GCC_WARN_UNUSED_VARIABLE = YES;
				IPHONEOS_DEPLOYMENT_TARGET = 17.0;
				LOCALIZATION_PREFERS_STRING_CATALOGS = YES;
				MTL_ENABLE_DEBUG_INFO = NO;
				MTL_FAST_MATH = YES;
				SDKROOT = iphoneos;
				SWIFT_COMPILATION_MODE = wholemodule;
				VALIDATE_PRODUCT = YES;
			};
			name = Release;
		};
		B02181202B769A79005C9C0E /* Debug */ = {
			isa = XCBuildConfiguration;
			buildSettings = {
				ASSETCATALOG_COMPILER_APPICON_NAME = AppIcon;
				ASSETCATALOG_COMPILER_GLOBAL_ACCENT_COLOR_NAME = AccentColor;
				CODE_SIGN_STYLE = Automatic;
				CURRENT_PROJECT_VERSION = 1;
				DEVELOPMENT_TEAM = TLHAP4RNQQ;
				GENERATE_INFOPLIST_FILE = YES;
				INFOPLIST_FILE = IOS/Setup2/Info.plist;
				INFOPLIST_KEY_UIApplicationSupportsIndirectInputEvents = YES;
				INFOPLIST_KEY_UILaunchStoryboardName = LaunchScreen;
				INFOPLIST_KEY_UIMainStoryboardFile = Main;
				INFOPLIST_KEY_UISupportedInterfaceOrientations_iPad = "UIInterfaceOrientationPortrait UIInterfaceOrientationPortraitUpsideDown UIInterfaceOrientationLandscapeLeft UIInterfaceOrientationLandscapeRight";
				INFOPLIST_KEY_UISupportedInterfaceOrientations_iPhone = "UIInterfaceOrientationPortrait UIInterfaceOrientationLandscapeLeft UIInterfaceOrientationLandscapeRight";
				LD_RUNPATH_SEARCH_PATHS = (
					"$(inherited)",
					"@executable_path/Frameworks",
				);
				MARKETING_VERSION = 1.0;
				PRODUCT_BUNDLE_IDENTIFIER = enti.IOS;
				PRODUCT_NAME = "$(TARGET_NAME)";
				SWIFT_EMIT_LOC_STRINGS = YES;
				SWIFT_VERSION = 5.0;
				TARGETED_DEVICE_FAMILY = "1,2";
			};
			name = Debug;
		};
		B02181212B769A79005C9C0E /* Release */ = {
			isa = XCBuildConfiguration;
			buildSettings = {
				ASSETCATALOG_COMPILER_APPICON_NAME = AppIcon;
				ASSETCATALOG_COMPILER_GLOBAL_ACCENT_COLOR_NAME = AccentColor;
				CODE_SIGN_STYLE = Automatic;
				CURRENT_PROJECT_VERSION = 1;
				DEVELOPMENT_TEAM = TLHAP4RNQQ;
				GENERATE_INFOPLIST_FILE = YES;
				INFOPLIST_FILE = IOS/Setup2/Info.plist;
				INFOPLIST_KEY_UIApplicationSupportsIndirectInputEvents = YES;
				INFOPLIST_KEY_UILaunchStoryboardName = LaunchScreen;
				INFOPLIST_KEY_UIMainStoryboardFile = Main;
				INFOPLIST_KEY_UISupportedInterfaceOrientations_iPad = "UIInterfaceOrientationPortrait UIInterfaceOrientationPortraitUpsideDown UIInterfaceOrientationLandscapeLeft UIInterfaceOrientationLandscapeRight";
				INFOPLIST_KEY_UISupportedInterfaceOrientations_iPhone = "UIInterfaceOrientationPortrait UIInterfaceOrientationLandscapeLeft UIInterfaceOrientationLandscapeRight";
				LD_RUNPATH_SEARCH_PATHS = (
					"$(inherited)",
					"@executable_path/Frameworks",
				);
				MARKETING_VERSION = 1.0;
				PRODUCT_BUNDLE_IDENTIFIER = enti.IOS;
				PRODUCT_NAME = "$(TARGET_NAME)";
				SWIFT_EMIT_LOC_STRINGS = YES;
				SWIFT_VERSION = 5.0;
				TARGETED_DEVICE_FAMILY = "1,2";
			};
			name = Release;
		};
/* End XCBuildConfiguration section */

/* Begin XCConfigurationList section */
		B02181062B769A78005C9C0E /* Build configuration list for PBXProject "IOS" */ = {
			isa = XCConfigurationList;
			buildConfigurations = (
				B021811D2B769A79005C9C0E /* Debug */,
				B021811E2B769A79005C9C0E /* Release */,
			);
			defaultConfigurationIsVisible = 0;
			defaultConfigurationName = Release;
		};
		B021811F2B769A79005C9C0E /* Build configuration list for PBXNativeTarget "IOS" */ = {
			isa = XCConfigurationList;
			buildConfigurations = (
				B02181202B769A79005C9C0E /* Debug */,
				B02181212B769A79005C9C0E /* Release */,
			);
			defaultConfigurationIsVisible = 0;
			defaultConfigurationName = Release;
		};
/* End XCConfigurationList section */
	};
	rootObject = B02181032B769A78005C9C0E /* Project object */;
}
